// !$*UTF8*$!
{
	archiveVersion = 1;
	classes = {
	};
	objectVersion = 46;
	objects = {

/* Begin PBXBuildFile section */
		AD6097B619ADB58800DAB572 /* Foundation.framework in Frameworks */ = {isa = PBXBuildFile; fileRef = AD6097B519ADB58800DAB572 /* Foundation.framework */; };
		AD6097B819ADB58800DAB572 /* CoreGraphics.framework in Frameworks */ = {isa = PBXBuildFile; fileRef = AD6097B719ADB58800DAB572 /* CoreGraphics.framework */; };
		AD6097BA19ADB58800DAB572 /* UIKit.framework in Frameworks */ = {isa = PBXBuildFile; fileRef = AD6097B919ADB58800DAB572 /* UIKit.framework */; };
		AD6097C019ADB58800DAB572 /* InfoPlist.strings in Resources */ = {isa = PBXBuildFile; fileRef = AD6097BE19ADB58800DAB572 /* InfoPlist.strings */; };
		AD6097C219ADB58800DAB572 /* main.m in Sources */ = {isa = PBXBuildFile; fileRef = AD6097C119ADB58800DAB572 /* main.m */; };
		AD6097C619ADB58800DAB572 /* AppDelegate.m in Sources */ = {isa = PBXBuildFile; fileRef = AD6097C519ADB58800DAB572 /* AppDelegate.m */; };
		AD6097C819ADB58800DAB572 /* Images.xcassets in Resources */ = {isa = PBXBuildFile; fileRef = AD6097C719ADB58800DAB572 /* Images.xcassets */; };
		AD6097CF19ADB58800DAB572 /* XCTest.framework in Frameworks */ = {isa = PBXBuildFile; fileRef = AD6097CE19ADB58800DAB572 /* XCTest.framework */; };
		AD6097D019ADB58800DAB572 /* Foundation.framework in Frameworks */ = {isa = PBXBuildFile; fileRef = AD6097B519ADB58800DAB572 /* Foundation.framework */; };
		AD6097D119ADB58800DAB572 /* UIKit.framework in Frameworks */ = {isa = PBXBuildFile; fileRef = AD6097B919ADB58800DAB572 /* UIKit.framework */; };
		AD6097D919ADB58800DAB572 /* InfoPlist.strings in Resources */ = {isa = PBXBuildFile; fileRef = AD6097D719ADB58800DAB572 /* InfoPlist.strings */; };
		AD6097DB19ADB58800DAB572 /* MegaFonTVTests.m in Sources */ = {isa = PBXBuildFile; fileRef = AD6097DA19ADB58800DAB572 /* MegaFonTVTests.m */; };
/* End PBXBuildFile section */

/* Begin PBXContainerItemProxy section */
		AD6097D219ADB58800DAB572 /* PBXContainerItemProxy */ = {
			isa = PBXContainerItemProxy;
			containerPortal = AD6097AA19ADB58800DAB572 /* Project object */;
			proxyType = 1;
			remoteGlobalIDString = AD6097B119ADB58800DAB572;
			remoteInfo = MegaFonTV;
		};
/* End PBXContainerItemProxy section */

/* Begin PBXFileReference section */
		AD6097B219ADB58800DAB572 /* MegaFonTV.app */ = {isa = PBXFileReference; explicitFileType = wrapper.application; includeInIndex = 0; path = MegaFonTV.app; sourceTree = BUILT_PRODUCTS_DIR; };
		AD6097B519ADB58800DAB572 /* Foundation.framework */ = {isa = PBXFileReference; lastKnownFileType = wrapper.framework; name = Foundation.framework; path = System/Library/Frameworks/Foundation.framework; sourceTree = SDKROOT; };
		AD6097B719ADB58800DAB572 /* CoreGraphics.framework */ = {isa = PBXFileReference; lastKnownFileType = wrapper.framework; name = CoreGraphics.framework; path = System/Library/Frameworks/CoreGraphics.framework; sourceTree = SDKROOT; };
		AD6097B919ADB58800DAB572 /* UIKit.framework */ = {isa = PBXFileReference; lastKnownFileType = wrapper.framework; name = UIKit.framework; path = System/Library/Frameworks/UIKit.framework; sourceTree = SDKROOT; };
		AD6097BD19ADB58800DAB572 /* MegaFonTV-Info.plist */ = {isa = PBXFileReference; lastKnownFileType = text.plist.xml; path = "MegaFonTV-Info.plist"; sourceTree = "<group>"; };
		AD6097BF19ADB58800DAB572 /* en */ = {isa = PBXFileReference; lastKnownFileType = text.plist.strings; name = en; path = en.lproj/InfoPlist.strings; sourceTree = "<group>"; };
		AD6097C119ADB58800DAB572 /* main.m */ = {isa = PBXFileReference; lastKnownFileType = sourcecode.c.objc; path = main.m; sourceTree = "<group>"; };
		AD6097C319ADB58800DAB572 /* MegaFonTV-Prefix.pch */ = {isa = PBXFileReference; lastKnownFileType = sourcecode.c.h; path = "MegaFonTV-Prefix.pch"; sourceTree = "<group>"; };
		AD6097C419ADB58800DAB572 /* AppDelegate.h */ = {isa = PBXFileReference; lastKnownFileType = sourcecode.c.h; path = AppDelegate.h; sourceTree = "<group>"; };
		AD6097C519ADB58800DAB572 /* AppDelegate.m */ = {isa = PBXFileReference; lastKnownFileType = sourcecode.c.objc; path = AppDelegate.m; sourceTree = "<group>"; };
		AD6097C719ADB58800DAB572 /* Images.xcassets */ = {isa = PBXFileReference; lastKnownFileType = folder.assetcatalog; path = Images.xcassets; sourceTree = "<group>"; };
		AD6097CD19ADB58800DAB572 /* MegaFonTVTests.xctest */ = {isa = PBXFileReference; explicitFileType = wrapper.cfbundle; includeInIndex = 0; path = MegaFonTVTests.xctest; sourceTree = BUILT_PRODUCTS_DIR; };
		AD6097CE19ADB58800DAB572 /* XCTest.framework */ = {isa = PBXFileReference; lastKnownFileType = wrapper.framework; name = XCTest.framework; path = Library/Frameworks/XCTest.framework; sourceTree = DEVELOPER_DIR; };
		AD6097D619ADB58800DAB572 /* MegaFonTVTests-Info.plist */ = {isa = PBXFileReference; lastKnownFileType = text.plist.xml; path = "MegaFonTVTests-Info.plist"; sourceTree = "<group>"; };
		AD6097D819ADB58800DAB572 /* en */ = {isa = PBXFileReference; lastKnownFileType = text.plist.strings; name = en; path = en.lproj/InfoPlist.strings; sourceTree = "<group>"; };
		AD6097DA19ADB58800DAB572 /* MegaFonTVTests.m */ = {isa = PBXFileReference; lastKnownFileType = sourcecode.c.objc; path = MegaFonTVTests.m; sourceTree = "<group>"; };
/* End PBXFileReference section */

/* Begin PBXFrameworksBuildPhase section */
		AD6097AF19ADB58800DAB572 /* Frameworks */ = {
			isa = PBXFrameworksBuildPhase;
			buildActionMask = 2147483647;
			files = (
				AD6097B819ADB58800DAB572 /* CoreGraphics.framework in Frameworks */,
				AD6097BA19ADB58800DAB572 /* UIKit.framework in Frameworks */,
				AD6097B619ADB58800DAB572 /* Foundation.framework in Frameworks */,
			);
			runOnlyForDeploymentPostprocessing = 0;
		};
		AD6097CA19ADB58800DAB572 /* Frameworks */ = {
			isa = PBXFrameworksBuildPhase;
			buildActionMask = 2147483647;
			files = (
				AD6097CF19ADB58800DAB572 /* XCTest.framework in Frameworks */,
				AD6097D119ADB58800DAB572 /* UIKit.framework in Frameworks */,
				AD6097D019ADB58800DAB572 /* Foundation.framework in Frameworks */,
			);
			runOnlyForDeploymentPostprocessing = 0;
		};
/* End PBXFrameworksBuildPhase section */

/* Begin PBXGroup section */
		AD6097A919ADB58800DAB572 = {
			isa = PBXGroup;
			children = (
				AD6097BB19ADB58800DAB572 /* MegaFonTV */,
				AD6097D419ADB58800DAB572 /* MegaFonTVTests */,
				AD6097B419ADB58800DAB572 /* Frameworks */,
				AD6097B319ADB58800DAB572 /* Products */,
			);
			sourceTree = "<group>";
		};
		AD6097B319ADB58800DAB572 /* Products */ = {
			isa = PBXGroup;
			children = (
				AD6097B219ADB58800DAB572 /* MegaFonTV.app */,
				AD6097CD19ADB58800DAB572 /* MegaFonTVTests.xctest */,
			);
			name = Products;
			sourceTree = "<group>";
		};
		AD6097B419ADB58800DAB572 /* Frameworks */ = {
			isa = PBXGroup;
			children = (
				AD6097B519ADB58800DAB572 /* Foundation.framework */,
				AD6097B719ADB58800DAB572 /* CoreGraphics.framework */,
				AD6097B919ADB58800DAB572 /* UIKit.framework */,
				AD6097CE19ADB58800DAB572 /* XCTest.framework */,
			);
			name = Frameworks;
			sourceTree = "<group>";
		};
		AD6097BB19ADB58800DAB572 /* MegaFonTV */ = {
			isa = PBXGroup;
			children = (
				AD6097C419ADB58800DAB572 /* AppDelegate.h */,
				AD6097C519ADB58800DAB572 /* AppDelegate.m */,
				AD6097C719ADB58800DAB572 /* Images.xcassets */,
				AD6097BC19ADB58800DAB572 /* Supporting Files */,
			);
			path = MegaFonTV;
			sourceTree = "<group>";
		};
		AD6097BC19ADB58800DAB572 /* Supporting Files */ = {
			isa = PBXGroup;
			children = (
				AD6097BD19ADB58800DAB572 /* MegaFonTV-Info.plist */,
				AD6097BE19ADB58800DAB572 /* InfoPlist.strings */,
				AD6097C119ADB58800DAB572 /* main.m */,
				AD6097C319ADB58800DAB572 /* MegaFonTV-Prefix.pch */,
			);
			name = "Supporting Files";
			sourceTree = "<group>";
		};
		AD6097D419ADB58800DAB572 /* MegaFonTVTests */ = {
			isa = PBXGroup;
			children = (
				AD6097DA19ADB58800DAB572 /* MegaFonTVTests.m */,
				AD6097D519ADB58800DAB572 /* Supporting Files */,
			);
			path = MegaFonTVTests;
			sourceTree = "<group>";
		};
		AD6097D519ADB58800DAB572 /* Supporting Files */ = {
			isa = PBXGroup;
			children = (
				AD6097D619ADB58800DAB572 /* MegaFonTVTests-Info.plist */,
				AD6097D719ADB58800DAB572 /* InfoPlist.strings */,
			);
			name = "Supporting Files";
			sourceTree = "<group>";
		};
/* End PBXGroup section */

/* Begin PBXNativeTarget section */
		AD6097B119ADB58800DAB572 /* MegaFonTV */ = {
			isa = PBXNativeTarget;
			buildConfigurationList = AD6097DE19ADB58800DAB572 /* Build configuration list for PBXNativeTarget "MegaFonTV" */;
			buildPhases = (
				AD6097AE19ADB58800DAB572 /* Sources */,
				AD6097AF19ADB58800DAB572 /* Frameworks */,
				AD6097B019ADB58800DAB572 /* Resources */,
			);
			buildRules = (
			);
			dependencies = (
			);
			name = MegaFonTV;
			productName = MegaFonTV;
			productReference = AD6097B219ADB58800DAB572 /* MegaFonTV.app */;
			productType = "com.apple.product-type.application";
		};
		AD6097CC19ADB58800DAB572 /* MegaFonTVTests */ = {
			isa = PBXNativeTarget;
			buildConfigurationList = AD6097E119ADB58800DAB572 /* Build configuration list for PBXNativeTarget "MegaFonTVTests" */;
			buildPhases = (
				AD6097C919ADB58800DAB572 /* Sources */,
				AD6097CA19ADB58800DAB572 /* Frameworks */,
				AD6097CB19ADB58800DAB572 /* Resources */,
			);
			buildRules = (
			);
			dependencies = (
				AD6097D319ADB58800DAB572 /* PBXTargetDependency */,
			);
			name = MegaFonTVTests;
			productName = MegaFonTVTests;
			productReference = AD6097CD19ADB58800DAB572 /* MegaFonTVTests.xctest */;
			productType = "com.apple.product-type.bundle.unit-test";
		};
/* End PBXNativeTarget section */

/* Begin PBXProject section */
		AD6097AA19ADB58800DAB572 /* Project object */ = {
			isa = PBXProject;
			attributes = {
				LastUpgradeCheck = 0510;
				ORGANIZATIONNAME = "Vitaly Berg";
				TargetAttributes = {
					AD6097CC19ADB58800DAB572 = {
						TestTargetID = AD6097B119ADB58800DAB572;
					};
				};
			};
			buildConfigurationList = AD6097AD19ADB58800DAB572 /* Build configuration list for PBXProject "MegaFonTV" */;
			compatibilityVersion = "Xcode 3.2";
			developmentRegion = English;
			hasScannedForEncodings = 0;
			knownRegions = (
				en,
			);
			mainGroup = AD6097A919ADB58800DAB572;
			productRefGroup = AD6097B319ADB58800DAB572 /* Products */;
			projectDirPath = "";
			projectRoot = "";
			targets = (
				AD6097B119ADB58800DAB572 /* MegaFonTV */,
				AD6097CC19ADB58800DAB572 /* MegaFonTVTests */,
			);
		};
/* End PBXProject section */

/* Begin PBXResourcesBuildPhase section */
		AD6097B019ADB58800DAB572 /* Resources */ = {
			isa = PBXResourcesBuildPhase;
			buildActionMask = 2147483647;
			files = (
				AD6097C019ADB58800DAB572 /* InfoPlist.strings in Resources */,
				AD6097C819ADB58800DAB572 /* Images.xcassets in Resources */,
			);
			runOnlyForDeploymentPostprocessing = 0;
		};
		AD6097CB19ADB58800DAB572 /* Resources */ = {
			isa = PBXResourcesBuildPhase;
			buildActionMask = 2147483647;
			files = (
				AD6097D919ADB58800DAB572 /* InfoPlist.strings in Resources */,
			);
			runOnlyForDeploymentPostprocessing = 0;
		};
/* End PBXResourcesBuildPhase section */

/* Begin PBXSourcesBuildPhase section */
		AD6097AE19ADB58800DAB572 /* Sources */ = {
			isa = PBXSourcesBuildPhase;
			buildActionMask = 2147483647;
			files = (
				AD6097C619ADB58800DAB572 /* AppDelegate.m in Sources */,
				AD6097C219ADB58800DAB572 /* main.m in Sources */,
			);
			runOnlyForDeploymentPostprocessing = 0;
		};
		AD6097C919ADB58800DAB572 /* Sources */ = {
			isa = PBXSourcesBuildPhase;
			buildActionMask = 2147483647;
			files = (
				AD6097DB19ADB58800DAB572 /* MegaFonTVTests.m in Sources */,
			);
			runOnlyForDeploymentPostprocessing = 0;
		};
/* End PBXSourcesBuildPhase section */

/* Begin PBXTargetDependency section */
		AD6097D319ADB58800DAB572 /* PBXTargetDependency */ = {
			isa = PBXTargetDependency;
			target = AD6097B119ADB58800DAB572 /* MegaFonTV */;
			targetProxy = AD6097D219ADB58800DAB572 /* PBXContainerItemProxy */;
		};
/* End PBXTargetDependency section */

/* Begin PBXVariantGroup section */
		AD6097BE19ADB58800DAB572 /* InfoPlist.strings */ = {
			isa = PBXVariantGroup;
			children = (
				AD6097BF19ADB58800DAB572 /* en */,
			);
			name = InfoPlist.strings;
			sourceTree = "<group>";
		};
		AD6097D719ADB58800DAB572 /* InfoPlist.strings */ = {
			isa = PBXVariantGroup;
			children = (
				AD6097D819ADB58800DAB572 /* en */,
			);
			name = InfoPlist.strings;
			sourceTree = "<group>";
		};
/* End PBXVariantGroup section */

/* Begin XCBuildConfiguration section */
		AD6097DC19ADB58800DAB572 /* Debug */ = {
			isa = XCBuildConfiguration;
			buildSettings = {
				ALWAYS_SEARCH_USER_PATHS = NO;
				CLANG_CXX_LANGUAGE_STANDARD = "gnu++0x";
				CLANG_CXX_LIBRARY = "libc++";
				CLANG_ENABLE_MODULES = YES;
				CLANG_ENABLE_OBJC_ARC = YES;
				CLANG_WARN_BOOL_CONVERSION = YES;
				CLANG_WARN_CONSTANT_CONVERSION = YES;
				CLANG_WARN_DIRECT_OBJC_ISA_USAGE = YES_ERROR;
				CLANG_WARN_EMPTY_BODY = YES;
				CLANG_WARN_ENUM_CONVERSION = YES;
				CLANG_WARN_INT_CONVERSION = YES;
				CLANG_WARN_OBJC_ROOT_CLASS = YES_ERROR;
				CLANG_WARN__DUPLICATE_METHOD_MATCH = YES;
				"CODE_SIGN_IDENTITY[sdk=iphoneos*]" = "iPhone Developer";
				COPY_PHASE_STRIP = NO;
				GCC_C_LANGUAGE_STANDARD = gnu99;
				GCC_DYNAMIC_NO_PIC = NO;
				GCC_OPTIMIZATION_LEVEL = 0;
				GCC_PREPROCESSOR_DEFINITIONS = (
					"DEBUG=1",
					"$(inherited)",
				);
				GCC_SYMBOLS_PRIVATE_EXTERN = NO;
				GCC_WARN_64_TO_32_BIT_CONVERSION = YES;
				GCC_WARN_ABOUT_RETURN_TYPE = YES_ERROR;
				GCC_WARN_UNDECLARED_SELECTOR = YES;
				GCC_WARN_UNINITIALIZED_AUTOS = YES_AGGRESSIVE;
				GCC_WARN_UNUSED_FUNCTION = YES;
				GCC_WARN_UNUSED_VARIABLE = YES;
				IPHONEOS_DEPLOYMENT_TARGET = 7.1;
				ONLY_ACTIVE_ARCH = YES;
				SDKROOT = iphoneos;
			};
			name = Debug;
		};
		AD6097DD19ADB58800DAB572 /* Release */ = {
			isa = XCBuildConfiguration;
			buildSettings = {
				ALWAYS_SEARCH_USER_PATHS = NO;
				CLANG_CXX_LANGUAGE_STANDARD = "gnu++0x";
				CLANG_CXX_LIBRARY = "libc++";
				CLANG_ENABLE_MODULES = YES;
				CLANG_ENABLE_OBJC_ARC = YES;
				CLANG_WARN_BOOL_CONVERSION = YES;
				CLANG_WARN_CONSTANT_CONVERSION = YES;
				CLANG_WARN_DIRECT_OBJC_ISA_USAGE = YES_ERROR;
				CLANG_WARN_EMPTY_BODY = YES;
				CLANG_WARN_ENUM_CONVERSION = YES;
				CLANG_WARN_INT_CONVERSION = YES;
				CLANG_WARN_OBJC_ROOT_CLASS = YES_ERROR;
				CLANG_WARN__DUPLICATE_METHOD_MATCH = YES;
				"CODE_SIGN_IDENTITY[sdk=iphoneos*]" = "iPhone Developer";
				COPY_PHASE_STRIP = YES;
				ENABLE_NS_ASSERTIONS = NO;
				GCC_C_LANGUAGE_STANDARD = gnu99;
				GCC_WARN_64_TO_32_BIT_CONVERSION = YES;
				GCC_WARN_ABOUT_RETURN_TYPE = YES_ERROR;
				GCC_WARN_UNDECLARED_SELECTOR = YES;
				GCC_WARN_UNINITIALIZED_AUTOS = YES_AGGRESSIVE;
				GCC_WARN_UNUSED_FUNCTION = YES;
				GCC_WARN_UNUSED_VARIABLE = YES;
				IPHONEOS_DEPLOYMENT_TARGET = 7.1;
				SDKROOT = iphoneos;
				VALIDATE_PRODUCT = YES;
			};
			name = Release;
		};
		AD6097DF19ADB58800DAB572 /* Debug */ = {
			isa = XCBuildConfiguration;
			buildSettings = {
				ASSETCATALOG_COMPILER_APPICON_NAME = AppIcon;
				ASSETCATALOG_COMPILER_LAUNCHIMAGE_NAME = LaunchImage;
				GCC_PRECOMPILE_PREFIX_HEADER = YES;
				GCC_PREFIX_HEADER = "MegaFonTV/MegaFonTV-Prefix.pch";
				INFOPLIST_FILE = "MegaFonTV/MegaFonTV-Info.plist";
				PRODUCT_NAME = "$(TARGET_NAME)";
				WRAPPER_EXTENSION = app;
			};
			name = Debug;
		};
		AD6097E019ADB58800DAB572 /* Release */ = {
			isa = XCBuildConfiguration;
			buildSettings = {
				ASSETCATALOG_COMPILER_APPICON_NAME = AppIcon;
				ASSETCATALOG_COMPILER_LAUNCHIMAGE_NAME = LaunchImage;
				GCC_PRECOMPILE_PREFIX_HEADER = YES;
				GCC_PREFIX_HEADER = "MegaFonTV/MegaFonTV-Prefix.pch";
				INFOPLIST_FILE = "MegaFonTV/MegaFonTV-Info.plist";
				PRODUCT_NAME = "$(TARGET_NAME)";
				WRAPPER_EXTENSION = app;
			};
			name = Release;
		};
		AD6097E219ADB58800DAB572 /* Debug */ = {
			isa = XCBuildConfiguration;
			buildSettings = {
				BUNDLE_LOADER = "$(BUILT_PRODUCTS_DIR)/MegaFonTV.app/MegaFonTV";
				FRAMEWORK_SEARCH_PATHS = (
					"$(SDKROOT)/Developer/Library/Frameworks",
					"$(inherited)",
					"$(DEVELOPER_FRAMEWORKS_DIR)",
				);
				GCC_PRECOMPILE_PREFIX_HEADER = YES;
				GCC_PREFIX_HEADER = "MegaFonTV/MegaFonTV-Prefix.pch";
				GCC_PREPROCESSOR_DEFINITIONS = (
					"DEBUG=1",
					"$(inherited)",
				);
				INFOPLIST_FILE = "MegaFonTVTests/MegaFonTVTests-Info.plist";
				PRODUCT_NAME = "$(TARGET_NAME)";
				TEST_HOST = "$(BUNDLE_LOADER)";
				WRAPPER_EXTENSION = xctest;
			};
			name = Debug;
		};
		AD6097E319ADB58800DAB572 /* Release */ = {
			isa = XCBuildConfiguration;
			buildSettings = {
				BUNDLE_LOADER = "$(BUILT_PRODUCTS_DIR)/MegaFonTV.app/MegaFonTV";
				FRAMEWORK_SEARCH_PATHS = (
					"$(SDKROOT)/Developer/Library/Frameworks",
					"$(inherited)",
					"$(DEVELOPER_FRAMEWORKS_DIR)",
				);
				GCC_PRECOMPILE_PREFIX_HEADER = YES;
				GCC_PREFIX_HEADER = "MegaFonTV/MegaFonTV-Prefix.pch";
				INFOPLIST_FILE = "MegaFonTVTests/MegaFonTVTests-Info.plist";
				PRODUCT_NAME = "$(TARGET_NAME)";
				TEST_HOST = "$(BUNDLE_LOADER)";
				WRAPPER_EXTENSION = xctest;
			};
			name = Release;
		};
/* End XCBuildConfiguration section */

/* Begin XCConfigurationList section */
		AD6097AD19ADB58800DAB572 /* Build configuration list for PBXProject "MegaFonTV" */ = {
			isa = XCConfigurationList;
			buildConfigurations = (
				AD6097DC19ADB58800DAB572 /* Debug */,
				AD6097DD19ADB58800DAB572 /* Release */,
			);
			defaultConfigurationIsVisible = 0;
			defaultConfigurationName = Release;
		};
		AD6097DE19ADB58800DAB572 /* Build configuration list for PBXNativeTarget "MegaFonTV" */ = {
			isa = XCConfigurationList;
			buildConfigurations = (
				AD6097DF19ADB58800DAB572 /* Debug */,
				AD6097E019ADB58800DAB572 /* Release */,
			);
			defaultConfigurationIsVisible = 0;
		};
		AD6097E119ADB58800DAB572 /* Build configuration list for PBXNativeTarget "MegaFonTVTests" */ = {
			isa = XCConfigurationList;
			buildConfigurations = (
				AD6097E219ADB58800DAB572 /* Debug */,
				AD6097E319ADB58800DAB572 /* Release */,
			);
			defaultConfigurationIsVisible = 0;
		};
/* End XCConfigurationList section */
	};
	rootObject = AD6097AA19ADB58800DAB572 /* Project object */;
}
