// !$*UTF8*$!
{
	archiveVersion = 1;
	classes = {
	};
	objectVersion = 46;
	objects = {

/* Begin PBXBuildFile section */
		3CAF2C63223D41C692A01481 /* libPods.a in Frameworks */ = {isa = PBXBuildFile; fileRef = C02077722FC447A0AF7D4288 /* libPods.a */; };
		AD6097B619ADB58800DAB572 /* Foundation.framework in Frameworks */ = {isa = PBXBuildFile; fileRef = AD6097B519ADB58800DAB572 /* Foundation.framework */; };
		AD6097B819ADB58800DAB572 /* CoreGraphics.framework in Frameworks */ = {isa = PBXBuildFile; fileRef = AD6097B719ADB58800DAB572 /* CoreGraphics.framework */; };
		AD6097BA19ADB58800DAB572 /* UIKit.framework in Frameworks */ = {isa = PBXBuildFile; fileRef = AD6097B919ADB58800DAB572 /* UIKit.framework */; };
		AD6097C019ADB58800DAB572 /* InfoPlist.strings in Resources */ = {isa = PBXBuildFile; fileRef = AD6097BE19ADB58800DAB572 /* InfoPlist.strings */; };
		AD6097C219ADB58800DAB572 /* main.m in Sources */ = {isa = PBXBuildFile; fileRef = AD6097C119ADB58800DAB572 /* main.m */; };
		AD6097C619ADB58800DAB572 /* AppDelegate.m in Sources */ = {isa = PBXBuildFile; fileRef = AD6097C519ADB58800DAB572 /* AppDelegate.m */; };
		AD6097C819ADB58800DAB572 /* Images.xcassets in Resources */ = {isa = PBXBuildFile; fileRef = AD6097C719ADB58800DAB572 /* Images.xcassets */; };
		AD6097CF19ADB58800DAB572 /* XCTest.framework in Frameworks */ = {isa = PBXBuildFile; fileRef = AD6097CE19ADB58800DAB572 /* XCTest.framework */; };
		AD6097D019ADB58800DAB572 /* Foundation.framework in Frameworks */ = {isa = PBXBuildFile; fileRef = AD6097B519ADB58800DAB572 /* Foundation.framework */; };
		AD6097D119ADB58800DAB572 /* UIKit.framework in Frameworks */ = {isa = PBXBuildFile; fileRef = AD6097B919ADB58800DAB572 /* UIKit.framework */; };
		AD6097D919ADB58800DAB572 /* InfoPlist.strings in Resources */ = {isa = PBXBuildFile; fileRef = AD6097D719ADB58800DAB572 /* InfoPlist.strings */; };
		AD6097DB19ADB58800DAB572 /* MegaFonTVTests.m in Sources */ = {isa = PBXBuildFile; fileRef = AD6097DA19ADB58800DAB572 /* MegaFonTVTests.m */; };
		AD6097F219ADB96D00DAB572 /* MenuViewController.m in Sources */ = {isa = PBXBuildFile; fileRef = AD6097F019ADB96D00DAB572 /* MenuViewController.m */; };
		AD6097F319ADB96D00DAB572 /* MenuViewController.xib in Resources */ = {isa = PBXBuildFile; fileRef = AD6097F119ADB96D00DAB572 /* MenuViewController.xib */; };
		AD6097F719ADB97E00DAB572 /* GeneralViewController.m in Sources */ = {isa = PBXBuildFile; fileRef = AD6097F519ADB97E00DAB572 /* GeneralViewController.m */; };
		AD6097F819ADB97E00DAB572 /* GeneralViewController.xib in Resources */ = {isa = PBXBuildFile; fileRef = AD6097F619ADB97E00DAB572 /* GeneralViewController.xib */; };
		AD6097FC19ADB99100DAB572 /* DetailsViewController.m in Sources */ = {isa = PBXBuildFile; fileRef = AD6097FA19ADB99100DAB572 /* DetailsViewController.m */; };
		AD6097FD19ADB99100DAB572 /* DetailsViewController.xib in Resources */ = {isa = PBXBuildFile; fileRef = AD6097FB19ADB99100DAB572 /* DetailsViewController.xib */; };
		AD60980219ADBA1800DAB572 /* StarsView.m in Sources */ = {isa = PBXBuildFile; fileRef = AD60980119ADBA1800DAB572 /* StarsView.m */; };
		AD60980919ADBABB00DAB572 /* ContainerCardView.m in Sources */ = {isa = PBXBuildFile; fileRef = AD60980819ADBABB00DAB572 /* ContainerCardView.m */; };
		AD60980C19ADBAD200DAB572 /* GeneralCardView.m in Sources */ = {isa = PBXBuildFile; fileRef = AD60980B19ADBAD200DAB572 /* GeneralCardView.m */; };
		AD60981019ADBAEC00DAB572 /* DetailsCardView.m in Sources */ = {isa = PBXBuildFile; fileRef = AD60980F19ADBAEC00DAB572 /* DetailsCardView.m */; };
		AD60981319ADBB1000DAB572 /* PersonsCardView.m in Sources */ = {isa = PBXBuildFile; fileRef = AD60981219ADBB1000DAB572 /* PersonsCardView.m */; };
		AD60981719ADBC0E00DAB572 /* PersonsCardView.xib in Resources */ = {isa = PBXBuildFile; fileRef = AD60981619ADBC0E00DAB572 /* PersonsCardView.xib */; };
		AD60981919ADBC1B00DAB572 /* DetailsCardView.xib in Resources */ = {isa = PBXBuildFile; fileRef = AD60981819ADBC1B00DAB572 /* DetailsCardView.xib */; };
		AD60981B19ADBC2700DAB572 /* GeneralCardView.xib in Resources */ = {isa = PBXBuildFile; fileRef = AD60981A19ADBC2700DAB572 /* GeneralCardView.xib */; };
		AD60983219AF901200DAB572 /* UIFont+Din.m in Sources */ = {isa = PBXBuildFile; fileRef = AD60983119AF901200DAB572 /* UIFont+Din.m */; };
		AD60983719AF907300DAB572 /* DinLabel.m in Sources */ = {isa = PBXBuildFile; fileRef = AD60983619AF907300DAB572 /* DinLabel.m */; };
		AD60983A19AF999F00DAB572 /* PageControl.m in Sources */ = {isa = PBXBuildFile; fileRef = AD60983919AF999F00DAB572 /* PageControl.m */; };
		AD60984219AFAC8200DAB572 /* DinCyBd.ttf in Resources */ = {isa = PBXBuildFile; fileRef = AD60983D19AFAC8200DAB572 /* DinCyBd.ttf */; };
		AD60984319AFAC8200DAB572 /* DinCyBk.ttf in Resources */ = {isa = PBXBuildFile; fileRef = AD60983E19AFAC8200DAB572 /* DinCyBk.ttf */; };
		AD60984419AFAC8200DAB572 /* DinCyLt.ttf in Resources */ = {isa = PBXBuildFile; fileRef = AD60983F19AFAC8200DAB572 /* DinCyLt.ttf */; };
		AD60984519AFAC8200DAB572 /* DinCyMd.ttf in Resources */ = {isa = PBXBuildFile; fileRef = AD60984019AFAC8200DAB572 /* DinCyMd.ttf */; };
		AD60984619AFAC8200DAB572 /* DinCyRg.ttf in Resources */ = {isa = PBXBuildFile; fileRef = AD60984119AFAC8200DAB572 /* DinCyRg.ttf */; };
		AD60984919AFB07C00DAB572 /* DinButton.m in Sources */ = {isa = PBXBuildFile; fileRef = AD60984819AFB07C00DAB572 /* DinButton.m */; };
		AD60984B19AFBAEB00DAB572 /* play-button@2x.png in Resources */ = {isa = PBXBuildFile; fileRef = AD60984A19AFBAEB00DAB572 /* play-button@2x.png */; };
		AD60984D19AFBD9D00DAB572 /* card@2x.png in Resources */ = {isa = PBXBuildFile; fileRef = AD60984C19AFBD9D00DAB572 /* card@2x.png */; };
		AD60984F19AFC00A00DAB572 /* general.jpg in Resources */ = {isa = PBXBuildFile; fileRef = AD60984E19AFC00A00DAB572 /* general.jpg */; };
		AD60985319AFCA2600DAB572 /* Movie.json in Resources */ = {isa = PBXBuildFile; fileRef = AD60985219AFCA2600DAB572 /* Movie.json */; };
		AD60985619B0417C00DAB572 /* Movie.m in Sources */ = {isa = PBXBuildFile; fileRef = AD60985519B0417C00DAB572 /* Movie.m */; };
		AD60985D19B043F900DAB572 /* DetailsTextCardCell.m in Sources */ = {isa = PBXBuildFile; fileRef = AD60985B19B043F900DAB572 /* DetailsTextCardCell.m */; };
		AD60985E19B043F900DAB572 /* DetailsTextCardCell.xib in Resources */ = {isa = PBXBuildFile; fileRef = AD60985C19B043F900DAB572 /* DetailsTextCardCell.xib */; };
		AD60986219B0440E00DAB572 /* DetailsCardCell.m in Sources */ = {isa = PBXBuildFile; fileRef = AD60986019B0440E00DAB572 /* DetailsCardCell.m */; };
		AD60986319B0440E00DAB572 /* DetailsCardCell.xib in Resources */ = {isa = PBXBuildFile; fileRef = AD60986119B0440E00DAB572 /* DetailsCardCell.xib */; };
		AD60986619B061A000DAB572 /* UIImage+Drawing.m in Sources */ = {isa = PBXBuildFile; fileRef = AD60986519B061A000DAB572 /* UIImage+Drawing.m */; };
		AD60986B19B0670A00DAB572 /* heart-selected@2x.png in Resources */ = {isa = PBXBuildFile; fileRef = AD60986919B0670A00DAB572 /* heart-selected@2x.png */; };
		AD60986E19B0671800DAB572 /* heart@2x.png in Resources */ = {isa = PBXBuildFile; fileRef = AD60986D19B0671800DAB572 /* heart@2x.png */; };
/* End PBXBuildFile section */

/* Begin PBXContainerItemProxy section */
		AD6097D219ADB58800DAB572 /* PBXContainerItemProxy */ = {
			isa = PBXContainerItemProxy;
			containerPortal = AD6097AA19ADB58800DAB572 /* Project object */;
			proxyType = 1;
			remoteGlobalIDString = AD6097B119ADB58800DAB572;
			remoteInfo = MegaFonTV;
		};
/* End PBXContainerItemProxy section */

/* Begin PBXFileReference section */
		0ED815ED8F87419E90914FE5 /* Pods.xcconfig */ = {isa = PBXFileReference; includeInIndex = 1; lastKnownFileType = text.xcconfig; name = Pods.xcconfig; path = Pods/Pods.xcconfig; sourceTree = "<group>"; };
		AD6097B219ADB58800DAB572 /* MegaFonTV.app */ = {isa = PBXFileReference; explicitFileType = wrapper.application; includeInIndex = 0; path = MegaFonTV.app; sourceTree = BUILT_PRODUCTS_DIR; };
		AD6097B519ADB58800DAB572 /* Foundation.framework */ = {isa = PBXFileReference; lastKnownFileType = wrapper.framework; name = Foundation.framework; path = System/Library/Frameworks/Foundation.framework; sourceTree = SDKROOT; };
		AD6097B719ADB58800DAB572 /* CoreGraphics.framework */ = {isa = PBXFileReference; lastKnownFileType = wrapper.framework; name = CoreGraphics.framework; path = System/Library/Frameworks/CoreGraphics.framework; sourceTree = SDKROOT; };
		AD6097B919ADB58800DAB572 /* UIKit.framework */ = {isa = PBXFileReference; lastKnownFileType = wrapper.framework; name = UIKit.framework; path = System/Library/Frameworks/UIKit.framework; sourceTree = SDKROOT; };
		AD6097BD19ADB58800DAB572 /* MegaFonTV-Info.plist */ = {isa = PBXFileReference; lastKnownFileType = text.plist.xml; path = "MegaFonTV-Info.plist"; sourceTree = "<group>"; };
		AD6097C119ADB58800DAB572 /* main.m */ = {isa = PBXFileReference; lastKnownFileType = sourcecode.c.objc; path = main.m; sourceTree = "<group>"; };
		AD6097C319ADB58800DAB572 /* MegaFonTV-Prefix.pch */ = {isa = PBXFileReference; lastKnownFileType = sourcecode.c.h; path = "MegaFonTV-Prefix.pch"; sourceTree = "<group>"; };
		AD6097C419ADB58800DAB572 /* AppDelegate.h */ = {isa = PBXFileReference; lastKnownFileType = sourcecode.c.h; path = AppDelegate.h; sourceTree = "<group>"; };
		AD6097C519ADB58800DAB572 /* AppDelegate.m */ = {isa = PBXFileReference; lastKnownFileType = sourcecode.c.objc; path = AppDelegate.m; sourceTree = "<group>"; };
		AD6097C719ADB58800DAB572 /* Images.xcassets */ = {isa = PBXFileReference; lastKnownFileType = folder.assetcatalog; path = Images.xcassets; sourceTree = "<group>"; };
		AD6097CD19ADB58800DAB572 /* MegaFonTVTests.xctest */ = {isa = PBXFileReference; explicitFileType = wrapper.cfbundle; includeInIndex = 0; path = MegaFonTVTests.xctest; sourceTree = BUILT_PRODUCTS_DIR; };
		AD6097CE19ADB58800DAB572 /* XCTest.framework */ = {isa = PBXFileReference; lastKnownFileType = wrapper.framework; name = XCTest.framework; path = Library/Frameworks/XCTest.framework; sourceTree = DEVELOPER_DIR; };
		AD6097D619ADB58800DAB572 /* MegaFonTVTests-Info.plist */ = {isa = PBXFileReference; lastKnownFileType = text.plist.xml; path = "MegaFonTVTests-Info.plist"; sourceTree = "<group>"; };
		AD6097DA19ADB58800DAB572 /* MegaFonTVTests.m */ = {isa = PBXFileReference; lastKnownFileType = sourcecode.c.objc; path = MegaFonTVTests.m; sourceTree = "<group>"; };
		AD6097E619ADB70000DAB572 /* ru */ = {isa = PBXFileReference; lastKnownFileType = text.plist.strings; name = ru; path = ru.lproj/InfoPlist.strings; sourceTree = "<group>"; };
		AD6097E719ADB70000DAB572 /* ru */ = {isa = PBXFileReference; lastKnownFileType = text.plist.strings; name = ru; path = ru.lproj/InfoPlist.strings; sourceTree = "<group>"; };
		AD6097EF19ADB96D00DAB572 /* MenuViewController.h */ = {isa = PBXFileReference; fileEncoding = 4; lastKnownFileType = sourcecode.c.h; path = MenuViewController.h; sourceTree = "<group>"; };
		AD6097F019ADB96D00DAB572 /* MenuViewController.m */ = {isa = PBXFileReference; fileEncoding = 4; lastKnownFileType = sourcecode.c.objc; path = MenuViewController.m; sourceTree = "<group>"; };
		AD6097F119ADB96D00DAB572 /* MenuViewController.xib */ = {isa = PBXFileReference; fileEncoding = 4; lastKnownFileType = file.xib; path = MenuViewController.xib; sourceTree = "<group>"; };
		AD6097F419ADB97E00DAB572 /* GeneralViewController.h */ = {isa = PBXFileReference; fileEncoding = 4; lastKnownFileType = sourcecode.c.h; path = GeneralViewController.h; sourceTree = "<group>"; };
		AD6097F519ADB97E00DAB572 /* GeneralViewController.m */ = {isa = PBXFileReference; fileEncoding = 4; lastKnownFileType = sourcecode.c.objc; path = GeneralViewController.m; sourceTree = "<group>"; };
		AD6097F619ADB97E00DAB572 /* GeneralViewController.xib */ = {isa = PBXFileReference; fileEncoding = 4; lastKnownFileType = file.xib; path = GeneralViewController.xib; sourceTree = "<group>"; };
		AD6097F919ADB99100DAB572 /* DetailsViewController.h */ = {isa = PBXFileReference; fileEncoding = 4; lastKnownFileType = sourcecode.c.h; path = DetailsViewController.h; sourceTree = "<group>"; };
		AD6097FA19ADB99100DAB572 /* DetailsViewController.m */ = {isa = PBXFileReference; fileEncoding = 4; lastKnownFileType = sourcecode.c.objc; path = DetailsViewController.m; sourceTree = "<group>"; };
		AD6097FB19ADB99100DAB572 /* DetailsViewController.xib */ = {isa = PBXFileReference; fileEncoding = 4; lastKnownFileType = file.xib; path = DetailsViewController.xib; sourceTree = "<group>"; };
		AD60980019ADBA1800DAB572 /* StarsView.h */ = {isa = PBXFileReference; fileEncoding = 4; lastKnownFileType = sourcecode.c.h; path = StarsView.h; sourceTree = "<group>"; };
		AD60980119ADBA1800DAB572 /* StarsView.m */ = {isa = PBXFileReference; fileEncoding = 4; lastKnownFileType = sourcecode.c.objc; path = StarsView.m; sourceTree = "<group>"; };
		AD60980719ADBABB00DAB572 /* ContainerCardView.h */ = {isa = PBXFileReference; fileEncoding = 4; lastKnownFileType = sourcecode.c.h; path = ContainerCardView.h; sourceTree = "<group>"; };
		AD60980819ADBABB00DAB572 /* ContainerCardView.m */ = {isa = PBXFileReference; fileEncoding = 4; lastKnownFileType = sourcecode.c.objc; path = ContainerCardView.m; sourceTree = "<group>"; };
		AD60980A19ADBAD200DAB572 /* GeneralCardView.h */ = {isa = PBXFileReference; fileEncoding = 4; lastKnownFileType = sourcecode.c.h; path = GeneralCardView.h; sourceTree = "<group>"; };
		AD60980B19ADBAD200DAB572 /* GeneralCardView.m */ = {isa = PBXFileReference; fileEncoding = 4; lastKnownFileType = sourcecode.c.objc; path = GeneralCardView.m; sourceTree = "<group>"; };
		AD60980E19ADBAEC00DAB572 /* DetailsCardView.h */ = {isa = PBXFileReference; fileEncoding = 4; lastKnownFileType = sourcecode.c.h; path = DetailsCardView.h; sourceTree = "<group>"; };
		AD60980F19ADBAEC00DAB572 /* DetailsCardView.m */ = {isa = PBXFileReference; fileEncoding = 4; lastKnownFileType = sourcecode.c.objc; path = DetailsCardView.m; sourceTree = "<group>"; };
		AD60981119ADBB1000DAB572 /* PersonsCardView.h */ = {isa = PBXFileReference; fileEncoding = 4; lastKnownFileType = sourcecode.c.h; path = PersonsCardView.h; sourceTree = "<group>"; };
		AD60981219ADBB1000DAB572 /* PersonsCardView.m */ = {isa = PBXFileReference; fileEncoding = 4; lastKnownFileType = sourcecode.c.objc; path = PersonsCardView.m; sourceTree = "<group>"; };
		AD60981619ADBC0E00DAB572 /* PersonsCardView.xib */ = {isa = PBXFileReference; fileEncoding = 4; lastKnownFileType = file.xib; path = PersonsCardView.xib; sourceTree = "<group>"; };
		AD60981819ADBC1B00DAB572 /* DetailsCardView.xib */ = {isa = PBXFileReference; fileEncoding = 4; lastKnownFileType = file.xib; path = DetailsCardView.xib; sourceTree = "<group>"; };
		AD60981A19ADBC2700DAB572 /* GeneralCardView.xib */ = {isa = PBXFileReference; fileEncoding = 4; lastKnownFileType = file.xib; path = GeneralCardView.xib; sourceTree = "<group>"; };
		AD60983019AF901200DAB572 /* UIFont+Din.h */ = {isa = PBXFileReference; fileEncoding = 4; lastKnownFileType = sourcecode.c.h; path = "UIFont+Din.h"; sourceTree = "<group>"; };
		AD60983119AF901200DAB572 /* UIFont+Din.m */ = {isa = PBXFileReference; fileEncoding = 4; lastKnownFileType = sourcecode.c.objc; path = "UIFont+Din.m"; sourceTree = "<group>"; };
		AD60983519AF907300DAB572 /* DinLabel.h */ = {isa = PBXFileReference; fileEncoding = 4; lastKnownFileType = sourcecode.c.h; path = DinLabel.h; sourceTree = "<group>"; };
		AD60983619AF907300DAB572 /* DinLabel.m */ = {isa = PBXFileReference; fileEncoding = 4; lastKnownFileType = sourcecode.c.objc; path = DinLabel.m; sourceTree = "<group>"; };
		AD60983819AF999F00DAB572 /* PageControl.h */ = {isa = PBXFileReference; fileEncoding = 4; lastKnownFileType = sourcecode.c.h; path = PageControl.h; sourceTree = "<group>"; };
		AD60983919AF999F00DAB572 /* PageControl.m */ = {isa = PBXFileReference; fileEncoding = 4; lastKnownFileType = sourcecode.c.objc; path = PageControl.m; sourceTree = "<group>"; };
		AD60983D19AFAC8200DAB572 /* DinCyBd.ttf */ = {isa = PBXFileReference; lastKnownFileType = file; path = DinCyBd.ttf; sourceTree = "<group>"; };
		AD60983E19AFAC8200DAB572 /* DinCyBk.ttf */ = {isa = PBXFileReference; lastKnownFileType = file; path = DinCyBk.ttf; sourceTree = "<group>"; };
		AD60983F19AFAC8200DAB572 /* DinCyLt.ttf */ = {isa = PBXFileReference; lastKnownFileType = file; path = DinCyLt.ttf; sourceTree = "<group>"; };
		AD60984019AFAC8200DAB572 /* DinCyMd.ttf */ = {isa = PBXFileReference; lastKnownFileType = file; path = DinCyMd.ttf; sourceTree = "<group>"; };
		AD60984119AFAC8200DAB572 /* DinCyRg.ttf */ = {isa = PBXFileReference; lastKnownFileType = file; path = DinCyRg.ttf; sourceTree = "<group>"; };
		AD60984719AFB07C00DAB572 /* DinButton.h */ = {isa = PBXFileReference; fileEncoding = 4; lastKnownFileType = sourcecode.c.h; path = DinButton.h; sourceTree = "<group>"; };
		AD60984819AFB07C00DAB572 /* DinButton.m */ = {isa = PBXFileReference; fileEncoding = 4; lastKnownFileType = sourcecode.c.objc; path = DinButton.m; sourceTree = "<group>"; };
		AD60984A19AFBAEB00DAB572 /* play-button@2x.png */ = {isa = PBXFileReference; lastKnownFileType = image.png; path = "play-button@2x.png"; sourceTree = "<group>"; };
		AD60984C19AFBD9D00DAB572 /* card@2x.png */ = {isa = PBXFileReference; lastKnownFileType = image.png; path = "card@2x.png"; sourceTree = "<group>"; };
		AD60984E19AFC00A00DAB572 /* general.jpg */ = {isa = PBXFileReference; lastKnownFileType = image.jpeg; path = general.jpg; sourceTree = "<group>"; };
		AD60985219AFCA2600DAB572 /* Movie.json */ = {isa = PBXFileReference; fileEncoding = 4; lastKnownFileType = text.json; path = Movie.json; sourceTree = "<group>"; };
		AD60985419B0417C00DAB572 /* Movie.h */ = {isa = PBXFileReference; fileEncoding = 4; lastKnownFileType = sourcecode.c.h; path = Movie.h; sourceTree = "<group>"; };
		AD60985519B0417C00DAB572 /* Movie.m */ = {isa = PBXFileReference; fileEncoding = 4; lastKnownFileType = sourcecode.c.objc; path = Movie.m; sourceTree = "<group>"; };
		AD60985A19B043F900DAB572 /* DetailsTextCardCell.h */ = {isa = PBXFileReference; fileEncoding = 4; lastKnownFileType = sourcecode.c.h; path = DetailsTextCardCell.h; sourceTree = "<group>"; };
		AD60985B19B043F900DAB572 /* DetailsTextCardCell.m */ = {isa = PBXFileReference; fileEncoding = 4; lastKnownFileType = sourcecode.c.objc; path = DetailsTextCardCell.m; sourceTree = "<group>"; };
		AD60985C19B043F900DAB572 /* DetailsTextCardCell.xib */ = {isa = PBXFileReference; fileEncoding = 4; lastKnownFileType = file.xib; path = DetailsTextCardCell.xib; sourceTree = "<group>"; };
		AD60985F19B0440E00DAB572 /* DetailsCardCell.h */ = {isa = PBXFileReference; fileEncoding = 4; lastKnownFileType = sourcecode.c.h; path = DetailsCardCell.h; sourceTree = "<group>"; };
		AD60986019B0440E00DAB572 /* DetailsCardCell.m */ = {isa = PBXFileReference; fileEncoding = 4; lastKnownFileType = sourcecode.c.objc; path = DetailsCardCell.m; sourceTree = "<group>"; };
		AD60986119B0440E00DAB572 /* DetailsCardCell.xib */ = {isa = PBXFileReference; fileEncoding = 4; lastKnownFileType = file.xib; path = DetailsCardCell.xib; sourceTree = "<group>"; };
		AD60986419B061A000DAB572 /* UIImage+Drawing.h */ = {isa = PBXFileReference; fileEncoding = 4; lastKnownFileType = sourcecode.c.h; path = "UIImage+Drawing.h"; sourceTree = "<group>"; };
		AD60986519B061A000DAB572 /* UIImage+Drawing.m */ = {isa = PBXFileReference; fileEncoding = 4; lastKnownFileType = sourcecode.c.objc; path = "UIImage+Drawing.m"; sourceTree = "<group>"; };
		AD60986919B0670A00DAB572 /* heart-selected@2x.png */ = {isa = PBXFileReference; lastKnownFileType = image.png; path = "heart-selected@2x.png"; sourceTree = "<group>"; };
		AD60986D19B0671800DAB572 /* heart@2x.png */ = {isa = PBXFileReference; lastKnownFileType = image.png; path = "heart@2x.png"; sourceTree = "<group>"; };
		C02077722FC447A0AF7D4288 /* libPods.a */ = {isa = PBXFileReference; explicitFileType = archive.ar; includeInIndex = 0; path = libPods.a; sourceTree = BUILT_PRODUCTS_DIR; };
/* End PBXFileReference section */

/* Begin PBXFrameworksBuildPhase section */
		AD6097AF19ADB58800DAB572 /* Frameworks */ = {
			isa = PBXFrameworksBuildPhase;
			buildActionMask = 2147483647;
			files = (
				AD6097B819ADB58800DAB572 /* CoreGraphics.framework in Frameworks */,
				AD6097BA19ADB58800DAB572 /* UIKit.framework in Frameworks */,
				AD6097B619ADB58800DAB572 /* Foundation.framework in Frameworks */,
				3CAF2C63223D41C692A01481 /* libPods.a in Frameworks */,
			);
			runOnlyForDeploymentPostprocessing = 0;
		};
		AD6097CA19ADB58800DAB572 /* Frameworks */ = {
			isa = PBXFrameworksBuildPhase;
			buildActionMask = 2147483647;
			files = (
				AD6097CF19ADB58800DAB572 /* XCTest.framework in Frameworks */,
				AD6097D119ADB58800DAB572 /* UIKit.framework in Frameworks */,
				AD6097D019ADB58800DAB572 /* Foundation.framework in Frameworks */,
			);
			runOnlyForDeploymentPostprocessing = 0;
		};
/* End PBXFrameworksBuildPhase section */

/* Begin PBXGroup section */
		AD6097A919ADB58800DAB572 = {
			isa = PBXGroup;
			children = (
				AD6097BB19ADB58800DAB572 /* MegaFonTV */,
				AD6097D419ADB58800DAB572 /* MegaFonTVTests */,
				AD6097B419ADB58800DAB572 /* Frameworks */,
				AD6097B319ADB58800DAB572 /* Products */,
				0ED815ED8F87419E90914FE5 /* Pods.xcconfig */,
			);
			sourceTree = "<group>";
		};
		AD6097B319ADB58800DAB572 /* Products */ = {
			isa = PBXGroup;
			children = (
				AD6097B219ADB58800DAB572 /* MegaFonTV.app */,
				AD6097CD19ADB58800DAB572 /* MegaFonTVTests.xctest */,
			);
			name = Products;
			sourceTree = "<group>";
		};
		AD6097B419ADB58800DAB572 /* Frameworks */ = {
			isa = PBXGroup;
			children = (
				AD6097B519ADB58800DAB572 /* Foundation.framework */,
				AD6097B719ADB58800DAB572 /* CoreGraphics.framework */,
				AD6097B919ADB58800DAB572 /* UIKit.framework */,
				AD6097CE19ADB58800DAB572 /* XCTest.framework */,
				C02077722FC447A0AF7D4288 /* libPods.a */,
			);
			name = Frameworks;
			sourceTree = "<group>";
		};
		AD6097BB19ADB58800DAB572 /* MegaFonTV */ = {
			isa = PBXGroup;
			children = (
				AD6097E419ADB66B00DAB572 /* Sources */,
				AD6097E519ADB67000DAB572 /* Resources */,
				AD6097BC19ADB58800DAB572 /* Supporting Files */,
			);
			path = MegaFonTV;
			sourceTree = "<group>";
		};
		AD6097BC19ADB58800DAB572 /* Supporting Files */ = {
			isa = PBXGroup;
			children = (
				AD6097BD19ADB58800DAB572 /* MegaFonTV-Info.plist */,
				AD6097BE19ADB58800DAB572 /* InfoPlist.strings */,
				AD6097C119ADB58800DAB572 /* main.m */,
				AD6097C319ADB58800DAB572 /* MegaFonTV-Prefix.pch */,
			);
			name = "Supporting Files";
			sourceTree = "<group>";
		};
		AD6097D419ADB58800DAB572 /* MegaFonTVTests */ = {
			isa = PBXGroup;
			children = (
				AD6097DA19ADB58800DAB572 /* MegaFonTVTests.m */,
				AD6097D519ADB58800DAB572 /* Supporting Files */,
			);
			path = MegaFonTVTests;
			sourceTree = "<group>";
		};
		AD6097D519ADB58800DAB572 /* Supporting Files */ = {
			isa = PBXGroup;
			children = (
				AD6097D619ADB58800DAB572 /* MegaFonTVTests-Info.plist */,
				AD6097D719ADB58800DAB572 /* InfoPlist.strings */,
			);
			name = "Supporting Files";
			sourceTree = "<group>";
		};
		AD6097E419ADB66B00DAB572 /* Sources */ = {
			isa = PBXGroup;
			children = (
				AD60982F19AF8DE800DAB572 /* Helpers */,
				AD6097E819ADB76300DAB572 /* Models */,
				AD6097E919ADB76B00DAB572 /* Controllers & Views */,
				AD6097C419ADB58800DAB572 /* AppDelegate.h */,
				AD6097C519ADB58800DAB572 /* AppDelegate.m */,
			);
			name = Sources;
			sourceTree = "<group>";
		};
		AD6097E519ADB67000DAB572 /* Resources */ = {
			isa = PBXGroup;
			children = (
				AD60985119AFCA1200DAB572 /* Jsons */,
				AD60983B19AFAC0400DAB572 /* Fonts */,
				AD60983C19AFAC0800DAB572 /* Images */,
				AD6097C719ADB58800DAB572 /* Images.xcassets */,
			);
			name = Resources;
			sourceTree = "<group>";
		};
		AD6097E819ADB76300DAB572 /* Models */ = {
			isa = PBXGroup;
			children = (
				AD60985419B0417C00DAB572 /* Movie.h */,
				AD60985519B0417C00DAB572 /* Movie.m */,
			);
			name = Models;
			sourceTree = "<group>";
		};
		AD6097E919ADB76B00DAB572 /* Controllers & Views */ = {
			isa = PBXGroup;
			children = (
				AD6097EA19ADB77300DAB572 /* Common */,
				AD6097EB19ADB77900DAB572 /* Menu */,
				AD6097EC19ADB77F00DAB572 /* General */,
				AD6097ED19ADB78600DAB572 /* Details */,
			);
			name = "Controllers & Views";
			sourceTree = "<group>";
		};
		AD6097EA19ADB77300DAB572 /* Common */ = {
			isa = PBXGroup;
			children = (
				AD60983319AF902D00DAB572 /* Font Kit */,
				AD6097EE19ADB95B00DAB572 /* Page Control */,
			);
			name = Common;
			sourceTree = "<group>";
		};
		AD6097EB19ADB77900DAB572 /* Menu */ = {
			isa = PBXGroup;
			children = (
				AD6097EF19ADB96D00DAB572 /* MenuViewController.h */,
				AD6097F019ADB96D00DAB572 /* MenuViewController.m */,
				AD6097F119ADB96D00DAB572 /* MenuViewController.xib */,
			);
			name = Menu;
			sourceTree = "<group>";
		};
		AD6097EC19ADB77F00DAB572 /* General */ = {
			isa = PBXGroup;
			children = (
				AD6097F419ADB97E00DAB572 /* GeneralViewController.h */,
				AD6097F519ADB97E00DAB572 /* GeneralViewController.m */,
				AD6097F619ADB97E00DAB572 /* GeneralViewController.xib */,
			);
			name = General;
			sourceTree = "<group>";
		};
		AD6097ED19ADB78600DAB572 /* Details */ = {
			isa = PBXGroup;
			children = (
				AD60981419ADBB7400DAB572 /* Like */,
				AD6097FE19ADB9EB00DAB572 /* Stars */,
				AD6097FF19ADBA0500DAB572 /* Cards */,
				AD6097F919ADB99100DAB572 /* DetailsViewController.h */,
				AD6097FA19ADB99100DAB572 /* DetailsViewController.m */,
				AD6097FB19ADB99100DAB572 /* DetailsViewController.xib */,
			);
			name = Details;
			sourceTree = "<group>";
		};
		AD6097EE19ADB95B00DAB572 /* Page Control */ = {
			isa = PBXGroup;
			children = (
				AD60983819AF999F00DAB572 /* PageControl.h */,
				AD60983919AF999F00DAB572 /* PageControl.m */,
			);
			name = "Page Control";
			sourceTree = "<group>";
		};
		AD6097FE19ADB9EB00DAB572 /* Stars */ = {
			isa = PBXGroup;
			children = (
				AD60980019ADBA1800DAB572 /* StarsView.h */,
				AD60980119ADBA1800DAB572 /* StarsView.m */,
			);
			name = Stars;
			sourceTree = "<group>";
		};
		AD6097FF19ADBA0500DAB572 /* Cards */ = {
			isa = PBXGroup;
			children = (
				AD60985019AFC63F00DAB572 /* Common */,
				AD60980319ADBA2200DAB572 /* Container */,
				AD60980419ADBA2800DAB572 /* General */,
				AD60980519ADBA3300DAB572 /* Details */,
				AD60980619ADBA3900DAB572 /* Persons */,
			);
			name = Cards;
			sourceTree = "<group>";
		};
		AD60980319ADBA2200DAB572 /* Container */ = {
			isa = PBXGroup;
			children = (
				AD60980719ADBABB00DAB572 /* ContainerCardView.h */,
				AD60980819ADBABB00DAB572 /* ContainerCardView.m */,
			);
			name = Container;
			sourceTree = "<group>";
		};
		AD60980419ADBA2800DAB572 /* General */ = {
			isa = PBXGroup;
			children = (
				AD60980A19ADBAD200DAB572 /* GeneralCardView.h */,
				AD60980B19ADBAD200DAB572 /* GeneralCardView.m */,
				AD60981A19ADBC2700DAB572 /* GeneralCardView.xib */,
			);
			name = General;
			sourceTree = "<group>";
		};
		AD60980519ADBA3300DAB572 /* Details */ = {
			isa = PBXGroup;
			children = (
				AD60980E19ADBAEC00DAB572 /* DetailsCardView.h */,
				AD60980F19ADBAEC00DAB572 /* DetailsCardView.m */,
				AD60981819ADBC1B00DAB572 /* DetailsCardView.xib */,
			);
			name = Details;
			sourceTree = "<group>";
		};
		AD60980619ADBA3900DAB572 /* Persons */ = {
			isa = PBXGroup;
			children = (
				AD60981119ADBB1000DAB572 /* PersonsCardView.h */,
				AD60981219ADBB1000DAB572 /* PersonsCardView.m */,
				AD60981619ADBC0E00DAB572 /* PersonsCardView.xib */,
			);
			name = Persons;
			sourceTree = "<group>";
		};
		AD60981419ADBB7400DAB572 /* Like */ = {
			isa = PBXGroup;
			children = (
			);
			name = Like;
			sourceTree = "<group>";
		};
		AD60982F19AF8DE800DAB572 /* Helpers */ = {
			isa = PBXGroup;
			children = (
				AD60983019AF901200DAB572 /* UIFont+Din.h */,
				AD60983119AF901200DAB572 /* UIFont+Din.m */,
				AD60986419B061A000DAB572 /* UIImage+Drawing.h */,
				AD60986519B061A000DAB572 /* UIImage+Drawing.m */,
			);
			name = Helpers;
			sourceTree = "<group>";
		};
		AD60983319AF902D00DAB572 /* Font Kit */ = {
			isa = PBXGroup;
			children = (
				AD60983419AF903300DAB572 /* Din */,
			);
			name = "Font Kit";
			sourceTree = "<group>";
		};
		AD60983419AF903300DAB572 /* Din */ = {
			isa = PBXGroup;
			children = (
				AD60983519AF907300DAB572 /* DinLabel.h */,
				AD60983619AF907300DAB572 /* DinLabel.m */,
				AD60984719AFB07C00DAB572 /* DinButton.h */,
				AD60984819AFB07C00DAB572 /* DinButton.m */,
			);
			name = Din;
			sourceTree = "<group>";
		};
		AD60983B19AFAC0400DAB572 /* Fonts */ = {
			isa = PBXGroup;
			children = (
				AD60983D19AFAC8200DAB572 /* DinCyBd.ttf */,
				AD60983E19AFAC8200DAB572 /* DinCyBk.ttf */,
				AD60983F19AFAC8200DAB572 /* DinCyLt.ttf */,
				AD60984019AFAC8200DAB572 /* DinCyMd.ttf */,
				AD60984119AFAC8200DAB572 /* DinCyRg.ttf */,
			);
			name = Fonts;
			sourceTree = "<group>";
		};
		AD60983C19AFAC0800DAB572 /* Images */ = {
			isa = PBXGroup;
			children = (
				AD60986D19B0671800DAB572 /* heart@2x.png */,
				AD60986919B0670A00DAB572 /* heart-selected@2x.png */,
				AD60984E19AFC00A00DAB572 /* general.jpg */,
				AD60984C19AFBD9D00DAB572 /* card@2x.png */,
				AD60984A19AFBAEB00DAB572 /* play-button@2x.png */,
			);
			name = Images;
			sourceTree = "<group>";
		};
		AD60985019AFC63F00DAB572 /* Common */ = {
			isa = PBXGroup;
			children = (
				AD60986719B061D300DAB572 /* Singleline Cell */,
				AD60986819B061EB00DAB572 /* Multiline Cell */,
			);
			name = Common;
			sourceTree = "<group>";
		};
		AD60985119AFCA1200DAB572 /* Jsons */ = {
			isa = PBXGroup;
			children = (
				AD60985219AFCA2600DAB572 /* Movie.json */,
			);
			name = Jsons;
			sourceTree = "<group>";
		};
		AD60986719B061D300DAB572 /* Singleline Cell */ = {
			isa = PBXGroup;
			children = (
				AD60985F19B0440E00DAB572 /* DetailsCardCell.h */,
				AD60986019B0440E00DAB572 /* DetailsCardCell.m */,
				AD60986119B0440E00DAB572 /* DetailsCardCell.xib */,
			);
			name = "Singleline Cell";
			sourceTree = "<group>";
		};
		AD60986819B061EB00DAB572 /* Multiline Cell */ = {
			isa = PBXGroup;
			children = (
				AD60985A19B043F900DAB572 /* DetailsTextCardCell.h */,
				AD60985B19B043F900DAB572 /* DetailsTextCardCell.m */,
				AD60985C19B043F900DAB572 /* DetailsTextCardCell.xib */,
			);
			name = "Multiline Cell";
			sourceTree = "<group>";
		};
/* End PBXGroup section */

/* Begin PBXNativeTarget section */
		AD6097B119ADB58800DAB572 /* MegaFonTV */ = {
			isa = PBXNativeTarget;
			buildConfigurationList = AD6097DE19ADB58800DAB572 /* Build configuration list for PBXNativeTarget "MegaFonTV" */;
			buildPhases = (
				D204E3557427491FA3A85C42 /* Check Pods Manifest.lock */,
				AD6097AE19ADB58800DAB572 /* Sources */,
				AD6097AF19ADB58800DAB572 /* Frameworks */,
				AD6097B019ADB58800DAB572 /* Resources */,
				182510F31B4045D98695AD37 /* Copy Pods Resources */,
			);
			buildRules = (
			);
			dependencies = (
			);
			name = MegaFonTV;
			productName = MegaFonTV;
			productReference = AD6097B219ADB58800DAB572 /* MegaFonTV.app */;
			productType = "com.apple.product-type.application";
		};
		AD6097CC19ADB58800DAB572 /* MegaFonTVTests */ = {
			isa = PBXNativeTarget;
			buildConfigurationList = AD6097E119ADB58800DAB572 /* Build configuration list for PBXNativeTarget "MegaFonTVTests" */;
			buildPhases = (
				AD6097C919ADB58800DAB572 /* Sources */,
				AD6097CA19ADB58800DAB572 /* Frameworks */,
				AD6097CB19ADB58800DAB572 /* Resources */,
			);
			buildRules = (
			);
			dependencies = (
				AD6097D319ADB58800DAB572 /* PBXTargetDependency */,
			);
			name = MegaFonTVTests;
			productName = MegaFonTVTests;
			productReference = AD6097CD19ADB58800DAB572 /* MegaFonTVTests.xctest */;
			productType = "com.apple.product-type.bundle.unit-test";
		};
/* End PBXNativeTarget section */

/* Begin PBXProject section */
		AD6097AA19ADB58800DAB572 /* Project object */ = {
			isa = PBXProject;
			attributes = {
				LastUpgradeCheck = 0510;
				ORGANIZATIONNAME = "Vitaly Berg";
				TargetAttributes = {
					AD6097CC19ADB58800DAB572 = {
						TestTargetID = AD6097B119ADB58800DAB572;
					};
				};
			};
			buildConfigurationList = AD6097AD19ADB58800DAB572 /* Build configuration list for PBXProject "MegaFonTV" */;
			compatibilityVersion = "Xcode 3.2";
			developmentRegion = English;
			hasScannedForEncodings = 0;
			knownRegions = (
				en,
				ru,
			);
			mainGroup = AD6097A919ADB58800DAB572;
			productRefGroup = AD6097B319ADB58800DAB572 /* Products */;
			projectDirPath = "";
			projectRoot = "";
			targets = (
				AD6097B119ADB58800DAB572 /* MegaFonTV */,
				AD6097CC19ADB58800DAB572 /* MegaFonTVTests */,
			);
		};
/* End PBXProject section */

/* Begin PBXResourcesBuildPhase section */
		AD6097B019ADB58800DAB572 /* Resources */ = {
			isa = PBXResourcesBuildPhase;
			buildActionMask = 2147483647;
			files = (
				AD6097C019ADB58800DAB572 /* InfoPlist.strings in Resources */,
				AD6097F319ADB96D00DAB572 /* MenuViewController.xib in Resources */,
				AD6097FD19ADB99100DAB572 /* DetailsViewController.xib in Resources */,
				AD60981719ADBC0E00DAB572 /* PersonsCardView.xib in Resources */,
				AD60985319AFCA2600DAB572 /* Movie.json in Resources */,
				AD6097C819ADB58800DAB572 /* Images.xcassets in Resources */,
				AD60984D19AFBD9D00DAB572 /* card@2x.png in Resources */,
				AD60985E19B043F900DAB572 /* DetailsTextCardCell.xib in Resources */,
				AD60986319B0440E00DAB572 /* DetailsCardCell.xib in Resources */,
				AD60984419AFAC8200DAB572 /* DinCyLt.ttf in Resources */,
				AD60984319AFAC8200DAB572 /* DinCyBk.ttf in Resources */,
				AD60984F19AFC00A00DAB572 /* general.jpg in Resources */,
				AD60981919ADBC1B00DAB572 /* DetailsCardView.xib in Resources */,
				AD60984B19AFBAEB00DAB572 /* play-button@2x.png in Resources */,
				AD60984619AFAC8200DAB572 /* DinCyRg.ttf in Resources */,
				AD6097F819ADB97E00DAB572 /* GeneralViewController.xib in Resources */,
				AD60986B19B0670A00DAB572 /* heart-selected@2x.png in Resources */,
				AD60981B19ADBC2700DAB572 /* GeneralCardView.xib in Resources */,
				AD60986E19B0671800DAB572 /* heart@2x.png in Resources */,
				AD60984219AFAC8200DAB572 /* DinCyBd.ttf in Resources */,
				AD60984519AFAC8200DAB572 /* DinCyMd.ttf in Resources */,
			);
			runOnlyForDeploymentPostprocessing = 0;
		};
		AD6097CB19ADB58800DAB572 /* Resources */ = {
			isa = PBXResourcesBuildPhase;
			buildActionMask = 2147483647;
			files = (
				AD6097D919ADB58800DAB572 /* InfoPlist.strings in Resources */,
			);
			runOnlyForDeploymentPostprocessing = 0;
		};
/* End PBXResourcesBuildPhase section */

/* Begin PBXShellScriptBuildPhase section */
		182510F31B4045D98695AD37 /* Copy Pods Resources */ = {
			isa = PBXShellScriptBuildPhase;
			buildActionMask = 2147483647;
			files = (
			);
			inputPaths = (
			);
			name = "Copy Pods Resources";
			outputPaths = (
			);
			runOnlyForDeploymentPostprocessing = 0;
			shellPath = /bin/sh;
			shellScript = "\"${SRCROOT}/Pods/Pods-resources.sh\"\n";
			showEnvVarsInLog = 0;
		};
		D204E3557427491FA3A85C42 /* Check Pods Manifest.lock */ = {
			isa = PBXShellScriptBuildPhase;
			buildActionMask = 2147483647;
			files = (
			);
			inputPaths = (
			);
			name = "Check Pods Manifest.lock";
			outputPaths = (
			);
			runOnlyForDeploymentPostprocessing = 0;
			shellPath = /bin/sh;
			shellScript = "diff \"${PODS_ROOT}/../Podfile.lock\" \"${PODS_ROOT}/Manifest.lock\" > /dev/null\nif [[ $? != 0 ]] ; then\n    cat << EOM\nerror: The sandbox is not in sync with the Podfile.lock. Run 'pod install' or update your CocoaPods installation.\nEOM\n    exit 1\nfi\n";
			showEnvVarsInLog = 0;
		};
/* End PBXShellScriptBuildPhase section */

/* Begin PBXSourcesBuildPhase section */
		AD6097AE19ADB58800DAB572 /* Sources */ = {
			isa = PBXSourcesBuildPhase;
			buildActionMask = 2147483647;
			files = (
				AD60985D19B043F900DAB572 /* DetailsTextCardCell.m in Sources */,
				AD6097C619ADB58800DAB572 /* AppDelegate.m in Sources */,
				AD60984919AFB07C00DAB572 /* DinButton.m in Sources */,
				AD60980919ADBABB00DAB572 /* ContainerCardView.m in Sources */,
				AD60981019ADBAEC00DAB572 /* DetailsCardView.m in Sources */,
				AD60981319ADBB1000DAB572 /* PersonsCardView.m in Sources */,
				AD60983719AF907300DAB572 /* DinLabel.m in Sources */,
				AD6097FC19ADB99100DAB572 /* DetailsViewController.m in Sources */,
				AD60983219AF901200DAB572 /* UIFont+Din.m in Sources */,
				AD6097F219ADB96D00DAB572 /* MenuViewController.m in Sources */,
				AD60983A19AF999F00DAB572 /* PageControl.m in Sources */,
				AD6097C219ADB58800DAB572 /* main.m in Sources */,
				AD60986619B061A000DAB572 /* UIImage+Drawing.m in Sources */,
				AD60980219ADBA1800DAB572 /* StarsView.m in Sources */,
				AD60985619B0417C00DAB572 /* Movie.m in Sources */,
				AD6097F719ADB97E00DAB572 /* GeneralViewController.m in Sources */,
				AD60986219B0440E00DAB572 /* DetailsCardCell.m in Sources */,
				AD60980C19ADBAD200DAB572 /* GeneralCardView.m in Sources */,
			);
			runOnlyForDeploymentPostprocessing = 0;
		};
		AD6097C919ADB58800DAB572 /* Sources */ = {
			isa = PBXSourcesBuildPhase;
			buildActionMask = 2147483647;
			files = (
				AD6097DB19ADB58800DAB572 /* MegaFonTVTests.m in Sources */,
			);
			runOnlyForDeploymentPostprocessing = 0;
		};
/* End PBXSourcesBuildPhase section */

/* Begin PBXTargetDependency section */
		AD6097D319ADB58800DAB572 /* PBXTargetDependency */ = {
			isa = PBXTargetDependency;
			target = AD6097B119ADB58800DAB572 /* MegaFonTV */;
			targetProxy = AD6097D219ADB58800DAB572 /* PBXContainerItemProxy */;
		};
/* End PBXTargetDependency section */

/* Begin PBXVariantGroup section */
		AD6097BE19ADB58800DAB572 /* InfoPlist.strings */ = {
			isa = PBXVariantGroup;
			children = (
				AD6097E619ADB70000DAB572 /* ru */,
			);
			name = InfoPlist.strings;
			sourceTree = "<group>";
		};
		AD6097D719ADB58800DAB572 /* InfoPlist.strings */ = {
			isa = PBXVariantGroup;
			children = (
				AD6097E719ADB70000DAB572 /* ru */,
			);
			name = InfoPlist.strings;
			sourceTree = "<group>";
		};
/* End PBXVariantGroup section */

/* Begin XCBuildConfiguration section */
		AD6097DC19ADB58800DAB572 /* Debug */ = {
			isa = XCBuildConfiguration;
			buildSettings = {
				ALWAYS_SEARCH_USER_PATHS = NO;
				CLANG_CXX_LANGUAGE_STANDARD = "gnu++0x";
				CLANG_CXX_LIBRARY = "libc++";
				CLANG_ENABLE_MODULES = YES;
				CLANG_ENABLE_OBJC_ARC = YES;
				CLANG_WARN_BOOL_CONVERSION = YES;
				CLANG_WARN_CONSTANT_CONVERSION = YES;
				CLANG_WARN_DIRECT_OBJC_ISA_USAGE = YES_ERROR;
				CLANG_WARN_EMPTY_BODY = YES;
				CLANG_WARN_ENUM_CONVERSION = YES;
				CLANG_WARN_INT_CONVERSION = YES;
				CLANG_WARN_OBJC_ROOT_CLASS = YES_ERROR;
				CLANG_WARN__DUPLICATE_METHOD_MATCH = YES;
				"CODE_SIGN_IDENTITY[sdk=iphoneos*]" = "iPhone Developer";
				COPY_PHASE_STRIP = NO;
				GCC_C_LANGUAGE_STANDARD = gnu99;
				GCC_DYNAMIC_NO_PIC = NO;
				GCC_OPTIMIZATION_LEVEL = 0;
				GCC_PREPROCESSOR_DEFINITIONS = (
					"DEBUG=1",
					"$(inherited)",
				);
				GCC_SYMBOLS_PRIVATE_EXTERN = NO;
				GCC_WARN_64_TO_32_BIT_CONVERSION = YES;
				GCC_WARN_ABOUT_RETURN_TYPE = YES_ERROR;
				GCC_WARN_UNDECLARED_SELECTOR = YES;
				GCC_WARN_UNINITIALIZED_AUTOS = YES_AGGRESSIVE;
				GCC_WARN_UNUSED_FUNCTION = YES;
				GCC_WARN_UNUSED_VARIABLE = YES;
				IPHONEOS_DEPLOYMENT_TARGET = 7.1;
				ONLY_ACTIVE_ARCH = YES;
				SDKROOT = iphoneos;
			};
			name = Debug;
		};
		AD6097DD19ADB58800DAB572 /* Release */ = {
			isa = XCBuildConfiguration;
			buildSettings = {
				ALWAYS_SEARCH_USER_PATHS = NO;
				CLANG_CXX_LANGUAGE_STANDARD = "gnu++0x";
				CLANG_CXX_LIBRARY = "libc++";
				CLANG_ENABLE_MODULES = YES;
				CLANG_ENABLE_OBJC_ARC = YES;
				CLANG_WARN_BOOL_CONVERSION = YES;
				CLANG_WARN_CONSTANT_CONVERSION = YES;
				CLANG_WARN_DIRECT_OBJC_ISA_USAGE = YES_ERROR;
				CLANG_WARN_EMPTY_BODY = YES;
				CLANG_WARN_ENUM_CONVERSION = YES;
				CLANG_WARN_INT_CONVERSION = YES;
				CLANG_WARN_OBJC_ROOT_CLASS = YES_ERROR;
				CLANG_WARN__DUPLICATE_METHOD_MATCH = YES;
				"CODE_SIGN_IDENTITY[sdk=iphoneos*]" = "iPhone Developer";
				COPY_PHASE_STRIP = YES;
				ENABLE_NS_ASSERTIONS = NO;
				GCC_C_LANGUAGE_STANDARD = gnu99;
				GCC_WARN_64_TO_32_BIT_CONVERSION = YES;
				GCC_WARN_ABOUT_RETURN_TYPE = YES_ERROR;
				GCC_WARN_UNDECLARED_SELECTOR = YES;
				GCC_WARN_UNINITIALIZED_AUTOS = YES_AGGRESSIVE;
				GCC_WARN_UNUSED_FUNCTION = YES;
				GCC_WARN_UNUSED_VARIABLE = YES;
				IPHONEOS_DEPLOYMENT_TARGET = 7.1;
				SDKROOT = iphoneos;
				VALIDATE_PRODUCT = YES;
			};
			name = Release;
		};
		AD6097DF19ADB58800DAB572 /* Debug */ = {
			isa = XCBuildConfiguration;
			baseConfigurationReference = 0ED815ED8F87419E90914FE5 /* Pods.xcconfig */;
			buildSettings = {
				ASSETCATALOG_COMPILER_APPICON_NAME = AppIcon;
				ASSETCATALOG_COMPILER_LAUNCHIMAGE_NAME = LaunchImage;
				GCC_PRECOMPILE_PREFIX_HEADER = YES;
				GCC_PREFIX_HEADER = "MegaFonTV/MegaFonTV-Prefix.pch";
				INFOPLIST_FILE = "MegaFonTV/MegaFonTV-Info.plist";
				PRODUCT_NAME = "$(TARGET_NAME)";
				WRAPPER_EXTENSION = app;
			};
			name = Debug;
		};
		AD6097E019ADB58800DAB572 /* Release */ = {
			isa = XCBuildConfiguration;
			baseConfigurationReference = 0ED815ED8F87419E90914FE5 /* Pods.xcconfig */;
			buildSettings = {
				ASSETCATALOG_COMPILER_APPICON_NAME = AppIcon;
				ASSETCATALOG_COMPILER_LAUNCHIMAGE_NAME = LaunchImage;
				GCC_PRECOMPILE_PREFIX_HEADER = YES;
				GCC_PREFIX_HEADER = "MegaFonTV/MegaFonTV-Prefix.pch";
				INFOPLIST_FILE = "MegaFonTV/MegaFonTV-Info.plist";
				PRODUCT_NAME = "$(TARGET_NAME)";
				WRAPPER_EXTENSION = app;
			};
			name = Release;
		};
		AD6097E219ADB58800DAB572 /* Debug */ = {
			isa = XCBuildConfiguration;
			buildSettings = {
				BUNDLE_LOADER = "$(BUILT_PRODUCTS_DIR)/MegaFonTV.app/MegaFonTV";
				FRAMEWORK_SEARCH_PATHS = (
					"$(SDKROOT)/Developer/Library/Frameworks",
					"$(inherited)",
					"$(DEVELOPER_FRAMEWORKS_DIR)",
				);
				GCC_PRECOMPILE_PREFIX_HEADER = YES;
				GCC_PREFIX_HEADER = "MegaFonTV/MegaFonTV-Prefix.pch";
				GCC_PREPROCESSOR_DEFINITIONS = (
					"DEBUG=1",
					"$(inherited)",
				);
				INFOPLIST_FILE = "MegaFonTVTests/MegaFonTVTests-Info.plist";
				PRODUCT_NAME = "$(TARGET_NAME)";
				TEST_HOST = "$(BUNDLE_LOADER)";
				WRAPPER_EXTENSION = xctest;
			};
			name = Debug;
		};
		AD6097E319ADB58800DAB572 /* Release */ = {
			isa = XCBuildConfiguration;
			buildSettings = {
				BUNDLE_LOADER = "$(BUILT_PRODUCTS_DIR)/MegaFonTV.app/MegaFonTV";
				FRAMEWORK_SEARCH_PATHS = (
					"$(SDKROOT)/Developer/Library/Frameworks",
					"$(inherited)",
					"$(DEVELOPER_FRAMEWORKS_DIR)",
				);
				GCC_PRECOMPILE_PREFIX_HEADER = YES;
				GCC_PREFIX_HEADER = "MegaFonTV/MegaFonTV-Prefix.pch";
				INFOPLIST_FILE = "MegaFonTVTests/MegaFonTVTests-Info.plist";
				PRODUCT_NAME = "$(TARGET_NAME)";
				TEST_HOST = "$(BUNDLE_LOADER)";
				WRAPPER_EXTENSION = xctest;
			};
			name = Release;
		};
/* End XCBuildConfiguration section */

/* Begin XCConfigurationList section */
		AD6097AD19ADB58800DAB572 /* Build configuration list for PBXProject "MegaFonTV" */ = {
			isa = XCConfigurationList;
			buildConfigurations = (
				AD6097DC19ADB58800DAB572 /* Debug */,
				AD6097DD19ADB58800DAB572 /* Release */,
			);
			defaultConfigurationIsVisible = 0;
			defaultConfigurationName = Release;
		};
		AD6097DE19ADB58800DAB572 /* Build configuration list for PBXNativeTarget "MegaFonTV" */ = {
			isa = XCConfigurationList;
			buildConfigurations = (
				AD6097DF19ADB58800DAB572 /* Debug */,
				AD6097E019ADB58800DAB572 /* Release */,
			);
			defaultConfigurationIsVisible = 0;
			defaultConfigurationName = Release;
		};
		AD6097E119ADB58800DAB572 /* Build configuration list for PBXNativeTarget "MegaFonTVTests" */ = {
			isa = XCConfigurationList;
			buildConfigurations = (
				AD6097E219ADB58800DAB572 /* Debug */,
				AD6097E319ADB58800DAB572 /* Release */,
			);
			defaultConfigurationIsVisible = 0;
			defaultConfigurationName = Release;
		};
/* End XCConfigurationList section */
	};
	rootObject = AD6097AA19ADB58800DAB572 /* Project object */;
}
